github.com/douglasmg7/currency v0.1.0 h1:0Qn4yukXsrSswtIfVvLFLXchsxMCRDJGU+u63ubQLTY=
github.com/douglasmg7/currency v0.1.0/go.mod h1:sa/6FWyR/BUkrbdmwCWRb9ljgPrGxDRfHz9mgnEJTxE=
github.com/douglasmg7/currency v0.2.0 h1:gnGRRs/mX/rh8EcIeCEY7UeUREDAry9B9B+AP2S/AjY=
github.com/douglasmg7/currency v0.2.0/go.mod h1:x4jugV2eqtcVcF0gn7aJ7RORWcuYW5N/f6S2v4phBL8=
