# This file is autogenerated, do not edit; changes may be undone by the next 'dep ensure'.


[[projects]]
  digest = "1:f316c463622cf004e0dc736cc373a571dae2474b5df79e41260f7e00985d7d61"
  name = "github.com/douglasmg7/currency"
  packages = ["."]
  pruneopts = "UT"
  revision = "cc0dd53259a78351c5ddfa60fc4d09de1c62e0bb"
  version = "v0.1.0"

[solve-meta]
  analyzer-name = "dep"
  analyzer-version = 1
  input-imports = ["github.com/douglasmg7/currency"]
  solver-name = "gps-cdcl"
  solver-version = 1
